
Microsoft Visual Studio Solution File, Format Version 12.00
# Visual Studio Version 17
VisualStudioVersion = 17.2.32602.215
MinimumVisualStudioVersion = 10.0.40219.1
Project("{FAE04EC0-301F-11D3-BF4B-00C04F79EFBC}") = "BaiTapNhom", "BaiTapNhom\BaiTapNhom.csproj", "{7BBCB38F-3EA2-484E-B915-DC86F7B9763C}"
EndProject
Project("{2150E333-8FDC-42A3-9474-1A3956D46DE8}") = "Solution Items", "Solution Items", "{C1C52B81-0332-4380-99C6-836C46A6C0BB}"
	ProjectSection(SolutionItems) = preProject
		.editorconfig = .editorconfig
	EndProjectSection
EndProject
Global
	GlobalSection(SolutionConfigurationPlatforms) = preSolution
		Debug|Any CPU = Debug|Any CPU
		Release|Any CPU = Release|Any CPU
	EndGlobalSection
	GlobalSection(ProjectConfigurationPlatforms) = postSolution
		{7BBCB38F-3EA2-484E-B915-DC86F7B9763C}.Debug|Any CPU.ActiveCfg = Debug|Any CPU
		{7BBCB38F-3EA2-484E-B915-DC86F7B9763C}.Debug|Any CPU.Build.0 = Debug|Any CPU
		{7BBCB38F-3EA2-484E-B915-DC86F7B9763C}.Release|Any CPU.ActiveCfg = Release|Any CPU
		{7BBCB38F-3EA2-484E-B915-DC86F7B9763C}.Release|Any CPU.Build.0 = Release|Any CPU
	EndGlobalSection
	GlobalSection(SolutionProperties) = preSolution
		HideSolutionNode = FALSE
	EndGlobalSection
	GlobalSection(ExtensibilityGlobals) = postSolution
		SolutionGuid = {7EBD7286-6EFA-4D67-8699-D67776763DD3}
	EndGlobalSection
EndGlobal
